
Microsoft Visual Studio Solution File, Format Version 12.00
# Visual Studio Version 17
VisualStudioVersion = 17.0.32014.148
MinimumVisualStudioVersion = 10.0.40219.1
Project("{8BC9CEB8-8B4A-11D0-8D11-00A0C91BC942}") = "graph_algorithms", "graph_algorithms.vcxproj", "{FE206F00-8F2D-4DD8-9015-2EA2F0241EB0}"
EndProject
Project("{8BC9CEB8-8B4A-11D0-8D11-00A0C91BC942}") = "DFS_findCycle", "DFS_findCycle\DFS_findCycle.vcxproj", "{E938DBEA-224F-4CC9-9437-7303E73157F0}"
EndProject
Global
	GlobalSection(SolutionConfigurationPlatforms) = preSolution
		Debug|x64 = Debug|x64
		Debug|x86 = Debug|x86
		Release|x64 = Release|x64
		Release|x86 = Release|x86
	EndGlobalSection
	GlobalSection(ProjectConfigurationPlatforms) = postSolution
		{FE206F00-8F2D-4DD8-9015-2EA2F0241EB0}.Debug|x64.ActiveCfg = Debug|x64
		{FE206F00-8F2D-4DD8-9015-2EA2F0241EB0}.Debug|x64.Build.0 = Debug|x64
		{FE206F00-8F2D-4DD8-9015-2EA2F0241EB0}.Debug|x86.ActiveCfg = Debug|Win32
		{FE206F00-8F2D-4DD8-9015-2EA2F0241EB0}.Debug|x86.Build.0 = Debug|Win32
		{FE206F00-8F2D-4DD8-9015-2EA2F0241EB0}.Release|x64.ActiveCfg = Release|x64
		{FE206F00-8F2D-4DD8-9015-2EA2F0241EB0}.Release|x64.Build.0 = Release|x64
		{FE206F00-8F2D-4DD8-9015-2EA2F0241EB0}.Release|x86.ActiveCfg = Release|Win32
		{FE206F00-8F2D-4DD8-9015-2EA2F0241EB0}.Release|x86.Build.0 = Release|Win32
		{E938DBEA-224F-4CC9-9437-7303E73157F0}.Debug|x64.ActiveCfg = Debug|x64
		{E938DBEA-224F-4CC9-9437-7303E73157F0}.Debug|x64.Build.0 = Debug|x64
		{E938DBEA-224F-4CC9-9437-7303E73157F0}.Debug|x86.ActiveCfg = Debug|Win32
		{E938DBEA-224F-4CC9-9437-7303E73157F0}.Debug|x86.Build.0 = Debug|Win32
		{E938DBEA-224F-4CC9-9437-7303E73157F0}.Release|x64.ActiveCfg = Release|x64
		{E938DBEA-224F-4CC9-9437-7303E73157F0}.Release|x64.Build.0 = Release|x64
		{E938DBEA-224F-4CC9-9437-7303E73157F0}.Release|x86.ActiveCfg = Release|Win32
		{E938DBEA-224F-4CC9-9437-7303E73157F0}.Release|x86.Build.0 = Release|Win32
	EndGlobalSection
	GlobalSection(SolutionProperties) = preSolution
		HideSolutionNode = FALSE
	EndGlobalSection
	GlobalSection(ExtensibilityGlobals) = postSolution
		SolutionGuid = {BD11F490-58FC-44A9-9005-9DCF7F535D35}
	EndGlobalSection
EndGlobal
